
Microsoft Visual Studio Solution File, Format Version 12.00
# Visual Studio Version 16
VisualStudioVersion = 16.0.31129.286
MinimumVisualStudioVersion = 10.0.40219.1
Project("{9A19103F-16F7-4668-BE54-9A1E7A4F7556}") = "BlazorAuth0Bff.Server", "BlazorAuth0Bff\Server\BlazorAuth0Bff.Server.csproj", "{0BBFFCBC-0214-483B-B719-49C84AAD5827}"
EndProject
Project("{9A19103F-16F7-4668-BE54-9A1E7A4F7556}") = "BlazorAuth0Bff.Client", "BlazorAuth0Bff\Client\BlazorAuth0Bff.Client.csproj", "{E1BAF909-0610-4BC0-AC46-42BFABC9BD93}"
EndProject
Project("{9A19103F-16F7-4668-BE54-9A1E7A4F7556}") = "BlazorAuth0Bff.Shared", "BlazorAuth0Bff\Shared\BlazorAuth0Bff.Shared.csproj", "{EF87F51F-2FA0-4778-B1F2-FFF840270A52}"
EndProject
Project("{2150E333-8FDC-42A3-9474-1A3956D46DE8}") = "Solution Items", "Solution Items", "{6C5D8B31-18A3-4393-98A7-5853062BA485}"
	ProjectSection(SolutionItems) = preProject
		README.md = README.md
	EndProjectSection
EndProject
Project("{9A19103F-16F7-4668-BE54-9A1E7A4F7556}") = "MyApi", "MyApi\MyApi.csproj", "{BE0C8CDE-560F-4A70-8881-553D52EEB305}"
EndProject
Global
	GlobalSection(SolutionConfigurationPlatforms) = preSolution
		Debug|Any CPU = Debug|Any CPU
		Release|Any CPU = Release|Any CPU
	EndGlobalSection
	GlobalSection(ProjectConfigurationPlatforms) = postSolution
		{0BBFFCBC-0214-483B-B719-49C84AAD5827}.Debug|Any CPU.ActiveCfg = Debug|Any CPU
		{0BBFFCBC-0214-483B-B719-49C84AAD5827}.Debug|Any CPU.Build.0 = Debug|Any CPU
		{0BBFFCBC-0214-483B-B719-49C84AAD5827}.Release|Any CPU.ActiveCfg = Release|Any CPU
		{0BBFFCBC-0214-483B-B719-49C84AAD5827}.Release|Any CPU.Build.0 = Release|Any CPU
		{E1BAF909-0610-4BC0-AC46-42BFABC9BD93}.Debug|Any CPU.ActiveCfg = Debug|Any CPU
		{E1BAF909-0610-4BC0-AC46-42BFABC9BD93}.Debug|Any CPU.Build.0 = Debug|Any CPU
		{E1BAF909-0610-4BC0-AC46-42BFABC9BD93}.Release|Any CPU.ActiveCfg = Release|Any CPU
		{E1BAF909-0610-4BC0-AC46-42BFABC9BD93}.Release|Any CPU.Build.0 = Release|Any CPU
		{EF87F51F-2FA0-4778-B1F2-FFF840270A52}.Debug|Any CPU.ActiveCfg = Debug|Any CPU
		{EF87F51F-2FA0-4778-B1F2-FFF840270A52}.Debug|Any CPU.Build.0 = Debug|Any CPU
		{EF87F51F-2FA0-4778-B1F2-FFF840270A52}.Release|Any CPU.ActiveCfg = Release|Any CPU
		{EF87F51F-2FA0-4778-B1F2-FFF840270A52}.Release|Any CPU.Build.0 = Release|Any CPU
		{BE0C8CDE-560F-4A70-8881-553D52EEB305}.Debug|Any CPU.ActiveCfg = Debug|Any CPU
		{BE0C8CDE-560F-4A70-8881-553D52EEB305}.Debug|Any CPU.Build.0 = Debug|Any CPU
		{BE0C8CDE-560F-4A70-8881-553D52EEB305}.Release|Any CPU.ActiveCfg = Release|Any CPU
		{BE0C8CDE-560F-4A70-8881-553D52EEB305}.Release|Any CPU.Build.0 = Release|Any CPU
	EndGlobalSection
	GlobalSection(SolutionProperties) = preSolution
		HideSolutionNode = FALSE
	EndGlobalSection
	GlobalSection(ExtensibilityGlobals) = postSolution
		SolutionGuid = {630A7CFE-F5A8-4FCA-A62D-92223F54925A}
	EndGlobalSection
EndGlobal
